
Microsoft Visual Studio Solution File, Format Version 12.00
# Visual Studio 15
VisualStudioVersion = 15.0.28307.1169
MinimumVisualStudioVersion = 10.0.40219.1
Project("{FAE04EC0-301F-11D3-BF4B-00C04F79EFBC}") = "GameBackup", "GameBackup.csproj", "{455CC335-C2BF-440C-8387-F780EBC90E11}"
EndProject
Global
	GlobalSection(SolutionConfigurationPlatforms) = preSolution
		Debug|Any CPU = Debug|Any CPU
		Release|Any CPU = Release|Any CPU
	EndGlobalSection
	GlobalSection(ProjectConfigurationPlatforms) = postSolution
		{455CC335-C2BF-440C-8387-F780EBC90E11}.Debug|Any CPU.ActiveCfg = Debug|Any CPU
		{455CC335-C2BF-440C-8387-F780EBC90E11}.Debug|Any CPU.Build.0 = Debug|Any CPU
		{455CC335-C2BF-440C-8387-F780EBC90E11}.Release|Any CPU.ActiveCfg = Release|Any CPU
		{455CC335-C2BF-440C-8387-F780EBC90E11}.Release|Any CPU.Build.0 = Release|Any CPU
	EndGlobalSection
	GlobalSection(SolutionProperties) = preSolution
		HideSolutionNode = FALSE
	EndGlobalSection
	GlobalSection(ExtensibilityGlobals) = postSolution
		SolutionGuid = {F881AE24-44B2-4F82-B915-20D91CA973D6}
	EndGlobalSection
EndGlobal
